
Microsoft Visual Studio Solution File, Format Version 12.00
# Visual Studio 15
VisualStudioVersion = 15.0.28307.329
MinimumVisualStudioVersion = 10.0.40219.1
Project("{888888A0-9F3D-457C-B088-3A5042F75D52}") = "AnalyzeLogs", "AnalyzeLogs\AnalyzeLogs.pyproj", "{331937D3-2859-48E2-9F56-F6EDA4BEF0C1}"
EndProject
Global
	GlobalSection(SolutionConfigurationPlatforms) = preSolution
		Debug|Any CPU = Debug|Any CPU
		Release|Any CPU = Release|Any CPU
	EndGlobalSection
	GlobalSection(ProjectConfigurationPlatforms) = postSolution
		{331937D3-2859-48E2-9F56-F6EDA4BEF0C1}.Debug|Any CPU.ActiveCfg = Debug|Any CPU
		{331937D3-2859-48E2-9F56-F6EDA4BEF0C1}.Release|Any CPU.ActiveCfg = Release|Any CPU
	EndGlobalSection
	GlobalSection(SolutionProperties) = preSolution
		HideSolutionNode = FALSE
	EndGlobalSection
	GlobalSection(ExtensibilityGlobals) = postSolution
		SolutionGuid = {E6D875E5-2C2C-4FE5-888D-DEF602079E83}
	EndGlobalSection
EndGlobal
